{
  "name": "backend",
  "version": "1.0.0",
  "lockfileVersion": 1,
  "requires": true,
  "dependencies": {
    "@uirouter/angularjs": {
      "version": "1.0.5",
      "resolved": "https://registry.npmjs.org/@uirouter/angularjs/-/angularjs-1.0.5.tgz",
      "integrity": "sha512-VXNgZxBSfgntz9XsxbB0vkzkUQGUYJnF3S7clVtD4YCzRJnRNWywyYjx7zP2JJc6yBMLYmi8fjSUsQZp39uosg==",
      "dependencies": {
        "@uirouter/core": {
          "version": "5.0.5",
          "resolved": "https://registry.npmjs.org/@uirouter/core/-/core-5.0.5.tgz",
          "integrity": "sha512-z7zOXZKEFOloIeSMtsDpudWWfXd7L2qmhyxOAve4ZGFYwBn98zYBd2R4CIlPWMpcm4ZwfhIMTVUxCDgSSXrPKw=="
        }
      }
    },
    "angular-ui-router": {
      "version": "1.0.3",
      "resolved": "https://registry.npmjs.org/angular-ui-router/-/angular-ui-router-1.0.3.tgz",
      "integrity": "sha1-vySUyq6Vw3zwGvN2HYl0fP7S20U="
    },
    "bcrypt": {
      "version": "1.0.2",
      "resolved": "https://registry.npmjs.org/bcrypt/-/bcrypt-1.0.2.tgz",
      "integrity": "sha1-0F/F0iMXPg4o7DgcDwDMJf+vJzY=",
      "dependencies": {
        "nan": {
          "version": "2.5.0",
          "resolved": "https://registry.npmjs.org/nan/-/nan-2.5.0.tgz",
          "integrity": "sha1-qo8eNFMdgH6eJ3VbI0tKbsDBUqg="
        }
      }
    },
    "body-parser": {
      "version": "1.17.2",
      "resolved": "https://registry.npmjs.org/body-parser/-/body-parser-1.17.2.tgz",
      "integrity": "sha1-+IkqvI+eYn1Crtr7yma/WrmRBO4="
    },
    "browser-sync": {
      "version": "2.18.12",
      "resolved": "https://registry.npmjs.org/browser-sync/-/browser-sync-2.18.12.tgz",
      "integrity": "sha1-u6oKF6lh4rXwqOdg5pUCcYZmR3k=",
      "dev": true,
      "dependencies": {
        "after": {
          "version": "0.8.1",
          "resolved": "https://registry.npmjs.org/after/-/after-0.8.1.tgz",
          "integrity": "sha1-q11PuIP1loFtNRX495HAr0ht1ic="
        },
        "base64id": {
          "version": "0.1.0",
          "resolved": "https://registry.npmjs.org/base64id/-/base64id-0.1.0.tgz",
          "integrity": "sha1-As4P3u4M709ACA4ec+g08LG/zj8="
        },
        "batch": {
          "version": "0.5.3",
          "resolved": "https://registry.npmjs.org/batch/-/batch-0.5.3.tgz",
          "integrity": "sha1-PzQU84AyF0O/wQQvmoP/HVgk1GQ="
        },
        "browser-sync-client": {
          "version": "2.5.1",
          "resolved": "https://registry.npmjs.org/browser-sync-client/-/browser-sync-client-2.5.1.tgz",
          "integrity": "sha1-7BrWmknC4tS2RbGLHAbCmz2a+Os="
        },
        "caseless": {
          "version": "0.11.0",
          "resolved": "https://registry.npmjs.org/caseless/-/caseless-0.11.0.tgz",
          "integrity": "sha1-cVuW6phBWTzDMGeSP17GDr2k99c="
        },
        "component-emitter": {
          "version": "1.1.2",
          "resolved": "https://registry.npmjs.org/component-emitter/-/component-emitter-1.1.2.tgz",
          "integrity": "sha1-KWWU8nU9qmOZbSrwjRWpURbJrsM="
        },
        "connect": {
          "version": "3.5.0",
          "resolved": "https://registry.npmjs.org/connect/-/connect-3.5.0.tgz",
          "integrity": "sha1-s1dSWgtMH1BZnNmD4dnv7qlncZg="
        },
        "debug": {
          "version": "2.2.0",
          "resolved": "https://registry.npmjs.org/debug/-/debug-2.2.0.tgz",
          "integrity": "sha1-+HBX6ZWxofauaklgZkE3vFbwOdo="
        },
        "dev-ip": {
          "version": "1.0.1",
          "resolved": "https://registry.npmjs.org/dev-ip/-/dev-ip-1.0.1.tgz",
          "integrity": "sha1-p2o+0YVb56ASu4rBbLgPPADcKPA="
        },
        "eazy-logger": {
          "version": "3.0.2",
          "resolved": "https://registry.npmjs.org/eazy-logger/-/eazy-logger-3.0.2.tgz",
          "integrity": "sha1-oyWqXlPROiIliJsqxBE7K5Y29Pw="
        },
        "emitter-steward": {
          "version": "1.0.0",
          "resolved": "https://registry.npmjs.org/emitter-steward/-/emitter-steward-1.0.0.tgz",
          "integrity": "sha1-80Ea3pdYp1Zd+Eiy2gy70bRsvWQ="
        },
        "engine.io": {
          "version": "1.8.0",
          "resolved": "https://registry.npmjs.org/engine.io/-/engine.io-1.8.0.tgz",
          "integrity": "sha1-PutfJky3XbvsG6rqJtYfWk6s4qo=",
          "dependencies": {
            "debug": {
              "version": "2.3.3",
              "resolved": "https://registry.npmjs.org/debug/-/debug-2.3.3.tgz",
              "integrity": "sha1-QMRT5n5uE8kB3ewxeviYbNqe/4w="
            },
            "ms": {
              "version": "0.7.2",
              "resolved": "https://registry.npmjs.org/ms/-/ms-0.7.2.tgz",
              "integrity": "sha1-riXPJRKziFodldfwN4aNhDESR2U="
            }
          }
        },
        "engine.io-client": {
          "version": "1.8.0",
          "resolved": "https://registry.npmjs.org/engine.io-client/-/engine.io-client-1.8.0.tgz",
          "integrity": "sha1-e3MOQSdBQIdZbZvjyI0rxf22z1w=",
          "dependencies": {
            "component-emitter": {
              "version": "1.2.1",
              "resolved": "https://registry.npmjs.org/component-emitter/-/component-emitter-1.2.1.tgz",
              "integrity": "sha1-E3kY1teCg/ffemt8WmPhQOaUJeY="
            },
            "debug": {
              "version": "2.3.3",
              "resolved": "https://registry.npmjs.org/debug/-/debug-2.3.3.tgz",
              "integrity": "sha1-QMRT5n5uE8kB3ewxeviYbNqe/4w="
            },
            "ms": {
              "version": "0.7.2",
              "resolved": "https://registry.npmjs.org/ms/-/ms-0.7.2.tgz",
              "integrity": "sha1-riXPJRKziFodldfwN4aNhDESR2U="
            }
          }
        },
        "engine.io-parser": {
          "version": "1.3.1",
          "resolved": "https://registry.npmjs.org/engine.io-parser/-/engine.io-parser-1.3.1.tgz",
          "integrity": "sha1-lVTxrjMQfW+9FwylRm0vgz9qB88=",
          "dependencies": {
            "has-binary": {
              "version": "0.1.6",
              "resolved": "https://registry.npmjs.org/has-binary/-/has-binary-0.1.6.tgz",
              "integrity": "sha1-JTJvOc+k9hath4eJTjryz7x7bhA="
            }
          }
        },
        "finalhandler": {
          "version": "0.5.0",
          "resolved": "https://registry.npmjs.org/finalhandler/-/finalhandler-0.5.0.tgz",
          "integrity": "sha1-6VCKvs6bbbqHGmlCodeRG5GRGsc="
        },
        "fresh": {
          "version": "0.3.0",
          "resolved": "https://registry.npmjs.org/fresh/-/fresh-0.3.0.tgz",
          "integrity": "sha1-ZR+DjiJCTnVm3hYdg1jKoZn4PU8="
        },
        "har-validator": {
          "version": "2.0.6",
          "resolved": "https://registry.npmjs.org/har-validator/-/har-validator-2.0.6.tgz",
          "integrity": "sha1-zcvAgYgmWtEZtqWnyKtw7s+10n0="
        },
        "http-errors": {
          "version": "1.5.1",
          "resolved": "https://registry.npmjs.org/http-errors/-/http-errors-1.5.1.tgz",
          "integrity": "sha1-eIwNLB3iyBuebowBhDtrl+uSB1A="
        },
        "http-proxy": {
          "version": "1.15.2",
          "resolved": "https://registry.npmjs.org/http-proxy/-/http-proxy-1.15.2.tgz",
          "integrity": "sha1-ZC/cr/5S00SNK9o7AHnpQJBk2jE="
        },
        "isarray": {
          "version": "0.0.1",
          "resolved": "https://registry.npmjs.org/isarray/-/isarray-0.0.1.tgz",
          "integrity": "sha1-ihis/Kmo9Bd+Cav8YDiTmwXR7t8="
        },
        "localtunnel": {
          "version": "1.8.2",
          "resolved": "https://registry.npmjs.org/localtunnel/-/localtunnel-1.8.2.tgz",
          "integrity": "sha1-kTBR6DKLUfda2KIq0fXFuMWZo1k=",
          "dependencies": {
            "yargs": {
              "version": "3.29.0",
              "resolved": "https://registry.npmjs.org/yargs/-/yargs-3.29.0.tgz",
              "integrity": "sha1-GquWYOrnnYuPZ1vK7qtu40ws9pw="
            }
          }
        },
        "minimatch": {
          "version": "3.0.4",
          "resolved": "https://registry.npmjs.org/minimatch/-/minimatch-3.0.4.tgz",
          "integrity": "sha512-yJHVQEhyqPLUTgt9B83PXu6W3rx4MvvHvSUvToogpwoGDOUQ+yDrR0HRot+yOCdCO7u4hX3pWft6kWBBcqh0UA=="
        },
        "ms": {
          "version": "0.7.1",
          "resolved": "https://registry.npmjs.org/ms/-/ms-0.7.1.tgz",
          "integrity": "sha1-nNE8A62/8ltl7/3nzoZO6VIBcJg="
        },
        "node-uuid": {
          "version": "1.4.8",
          "resolved": "https://registry.npmjs.org/node-uuid/-/node-uuid-1.4.8.tgz",
          "integrity": "sha1-sEDrCSOWivq/jTL7HxfxFn/auQc="
        },
        "openurl": {
          "version": "1.1.0",
          "resolved": "https://registry.npmjs.org/openurl/-/openurl-1.1.0.tgz",
          "integrity": "sha1-4vIYnZmcBIIyAfCD8PGnzYkDGHo="
        },
        "opn": {
          "version": "4.0.2",
          "resolved": "https://registry.npmjs.org/opn/-/opn-4.0.2.tgz",
          "integrity": "sha1-erwi5kTf9jsKltWrfyeQwPAavJU="
        },
        "portscanner": {
          "version": "2.1.1",
          "resolved": "https://registry.npmjs.org/portscanner/-/portscanner-2.1.1.tgz",
          "integrity": "sha1-6rtAnk3iSVD1oqUW01rnaTQ/u5Y="
        },
        "qs": {
          "version": "6.2.1",
          "resolved": "https://registry.npmjs.org/qs/-/qs-6.2.1.tgz",
          "integrity": "sha1-zgPF/wk1vB2daanxTL0Y5WjWdiU="
        },
        "request": {
          "version": "2.78.0",
          "resolved": "https://registry.npmjs.org/request/-/request-2.78.0.tgz",
          "integrity": "sha1-4cjew0bhyBkjskrNszfxHeyr6cw=",
          "dependencies": {
            "qs": {
              "version": "6.3.2",
              "resolved": "https://registry.npmjs.org/qs/-/qs-6.3.2.tgz",
              "integrity": "sha1-51vV9uJoEioqDgvaYwslUMFmUCw="
            }
          }
        },
        "resp-modifier": {
          "version": "6.0.2",
          "resolved": "https://registry.npmjs.org/resp-modifier/-/resp-modifier-6.0.2.tgz",
          "integrity": "sha1-sSTeXE+6/LpUH0j/pzlw9KpFa08="
        },
        "send": {
          "version": "0.15.2",
          "resolved": "https://registry.npmjs.org/send/-/send-0.15.2.tgz",
          "integrity": "sha1-+R+rRAO8+H5xb3DOtdsvV4vcF9Y=",
          "dependencies": {
            "debug": {
              "version": "2.6.4",
              "resolved": "https://registry.npmjs.org/debug/-/debug-2.6.4.tgz",
              "integrity": "sha1-dYaps8OXQcAoKuM0RcTorHRzT+A=",
              "dependencies": {
                "ms": {
                  "version": "0.7.3",
                  "resolved": "https://registry.npmjs.org/ms/-/ms-0.7.3.tgz",
                  "integrity": "sha1-cIFVpeROM/X9D8U+gdDUCpG+H/8="
                }
              }
            },
            "fresh": {
              "version": "0.5.0",
              "resolved": "https://registry.npmjs.org/fresh/-/fresh-0.5.0.tgz",
              "integrity": "sha1-9HTKXmqSRtb9jglTz6m5yAWvp44="
            },
            "http-errors": {
              "version": "1.6.1",
              "resolved": "https://registry.npmjs.org/http-errors/-/http-errors-1.6.1.tgz",
              "integrity": "sha1-X4uO2YrKVFZWv1cplzh/kEpyIlc="
            },
            "ms": {
              "version": "1.0.0",
              "resolved": "https://registry.npmjs.org/ms/-/ms-1.0.0.tgz",
              "integrity": "sha1-Wa3NIu3FQ/e1OBhi0xOHsfS8lHM="
            },
            "setprototypeof": {
              "version": "1.0.3",
              "resolved": "https://registry.npmjs.org/setprototypeof/-/setprototypeof-1.0.3.tgz",
              "integrity": "sha1-ZlZ+NwQ+608E2RvWWMDL77VbjgQ="
            }
          }
        },
        "serve-index": {
          "version": "1.8.0",
          "resolved": "https://registry.npmjs.org/serve-index/-/serve-index-1.8.0.tgz",
          "integrity": "sha1-fF2WwT+xMRAfk8HFd0+FFqHnjTs="
        },
        "serve-static": {
          "version": "1.12.2",
          "resolved": "https://registry.npmjs.org/serve-static/-/serve-static-1.12.2.tgz",
          "integrity": "sha1-5UbicmCBuBtLzsjpCAjrzdMjr7o="
        },
        "setprototypeof": {
          "version": "1.0.2",
          "resolved": "https://registry.npmjs.org/setprototypeof/-/setprototypeof-1.0.2.tgz",
          "integrity": "sha1-gaVSFB7BBLiOic44MQOtXGZWTQg="
        },
        "socket.io": {
          "version": "1.6.0",
          "resolved": "https://registry.npmjs.org/socket.io/-/socket.io-1.6.0.tgz",
          "integrity": "sha1-PkDZMmN+a9kjmBslyvfFPoO24uE=",
          "dependencies": {
            "debug": {
              "version": "2.3.3",
              "resolved": "https://registry.npmjs.org/debug/-/debug-2.3.3.tgz",
              "integrity": "sha1-QMRT5n5uE8kB3ewxeviYbNqe/4w="
            },
            "ms": {
              "version": "0.7.2",
              "resolved": "https://registry.npmjs.org/ms/-/ms-0.7.2.tgz",
              "integrity": "sha1-riXPJRKziFodldfwN4aNhDESR2U="
            },
            "object-assign": {
              "version": "4.1.0",
              "resolved": "https://registry.npmjs.org/object-assign/-/object-assign-4.1.0.tgz",
              "integrity": "sha1-ejs9DpgGPUP0wD8uiubNUahog6A="
            }
          }
        },
        "socket.io-adapter": {
          "version": "0.5.0",
          "resolved": "https://registry.npmjs.org/socket.io-adapter/-/socket.io-adapter-0.5.0.tgz",
          "integrity": "sha1-y21LuL7IHhB4uZZ3+c7QBGBmu4s=",
          "dependencies": {
            "debug": {
              "version": "2.3.3",
              "resolved": "https://registry.npmjs.org/debug/-/debug-2.3.3.tgz",
              "integrity": "sha1-QMRT5n5uE8kB3ewxeviYbNqe/4w="
            },
            "ms": {
              "version": "0.7.2",
              "resolved": "https://registry.npmjs.org/ms/-/ms-0.7.2.tgz",
              "integrity": "sha1-riXPJRKziFodldfwN4aNhDESR2U="
            }
          }
        },
        "socket.io-client": {
          "version": "1.6.0",
          "resolved": "https://registry.npmjs.org/socket.io-client/-/socket.io-client-1.6.0.tgz",
          "integrity": "sha1-W2aPT3cTBN/u0XkGRwg4b6ZxeFM=",
          "dependencies": {
            "component-emitter": {
              "version": "1.2.1",
              "resolved": "https://registry.npmjs.org/component-emitter/-/component-emitter-1.2.1.tgz",
              "integrity": "sha1-E3kY1teCg/ffemt8WmPhQOaUJeY="
            },
            "debug": {
              "version": "2.3.3",
              "resolved": "https://registry.npmjs.org/debug/-/debug-2.3.3.tgz",
              "integrity": "sha1-QMRT5n5uE8kB3ewxeviYbNqe/4w="
            },
            "ms": {
              "version": "0.7.2",
              "resolved": "https://registry.npmjs.org/ms/-/ms-0.7.2.tgz",
              "integrity": "sha1-riXPJRKziFodldfwN4aNhDESR2U="
            }
          }
        },
        "socket.io-parser": {
          "version": "2.3.1",
          "resolved": "https://registry.npmjs.org/socket.io-parser/-/socket.io-parser-2.3.1.tgz",
          "integrity": "sha1-3VMgJRA85Clpcya+/WQAX8/ltKA="
        },
        "tunnel-agent": {
          "version": "0.4.3",
          "resolved": "https://registry.npmjs.org/tunnel-agent/-/tunnel-agent-0.4.3.tgz",
          "integrity": "sha1-Y3PbdpCf5XDgjXNYM2Xtgop07us="
        },
        "ua-parser-js": {
          "version": "0.7.12",
          "resolved": "https://registry.npmjs.org/ua-parser-js/-/ua-parser-js-0.7.12.tgz",
          "integrity": "sha1-BMgamb3V3FImPqKdJMa/jUgYpLs="
        },
        "ultron": {
          "version": "1.0.2",
          "resolved": "https://registry.npmjs.org/ultron/-/ultron-1.0.2.tgz",
          "integrity": "sha1-rOEWq1V80Zc4ak6I9GhTeMiy5Po="
        },
        "ws": {
          "version": "1.1.1",
          "resolved": "https://registry.npmjs.org/ws/-/ws-1.1.1.tgz",
          "integrity": "sha1-CC3bbGQehdS7RR8D1S8G6r2x8Bg="
        },
        "yargs": {
          "version": "6.4.0",
          "resolved": "https://registry.npmjs.org/yargs/-/yargs-6.4.0.tgz",
          "integrity": "sha1-gW4ahm1VmMzzTlWW3c4i2S2kkNQ=",
          "dependencies": {
            "camelcase": {
              "version": "3.0.0",
              "resolved": "https://registry.npmjs.org/camelcase/-/camelcase-3.0.0.tgz",
              "integrity": "sha1-MvxLn82vhF/N9+c7uXysImHwqwo="
            },
            "window-size": {
              "version": "0.2.0",
              "resolved": "https://registry.npmjs.org/window-size/-/window-size-0.2.0.tgz",
              "integrity": "sha1-tDFbtCFKPXBY6+7okuE/ok2YsHU="
            }
          }
        },
        "yargs-parser": {
          "version": "4.2.1",
          "resolved": "https://registry.npmjs.org/yargs-parser/-/yargs-parser-4.2.1.tgz",
          "integrity": "sha1-KczqwNxPA8bIe0qfIX3RjJ90hxw=",
          "dependencies": {
            "camelcase": {
              "version": "3.0.0",
              "resolved": "https://registry.npmjs.org/camelcase/-/camelcase-3.0.0.tgz",
              "integrity": "sha1-MvxLn82vhF/N9+c7uXysImHwqwo="
            }
          }
        }
      }
    },
    "config": {
      "version": "1.26.1",
      "resolved": "https://registry.npmjs.org/config/-/config-1.26.1.tgz",
      "integrity": "sha1-9kfOMsNF6AunOo6qeppLTlspDKE="
    },
    "crypto": {
      "version": "0.0.3",
      "resolved": "https://registry.npmjs.org/crypto/-/crypto-0.0.3.tgz",
      "integrity": "sha1-RwqBuGvkxe4XrMggeh9TFa4g27A="
    },
    "express": {
      "version": "4.15.3",
      "resolved": "https://registry.npmjs.org/express/-/express-4.15.3.tgz",
      "integrity": "sha1-urZdDwOqgMNYQIly/HAPkWlEtmI="
    },
    "express-session": {
      "version": "1.15.3",
      "resolved": "https://registry.npmjs.org/express-session/-/express-session-1.15.3.tgz",
      "integrity": "sha1-21RfBDWnsbIorgLagZf2UUFzXGc="
    },
    "gulp": {
      "version": "3.9.1",
      "resolved": "https://registry.npmjs.org/gulp/-/gulp-3.9.1.tgz",
      "integrity": "sha1-VxzkWSjdQK9lFPxAEYZgFsE4RbQ=",
      "dev": true
    },
    "gulp-nodemon": {
      "version": "2.2.1",
      "resolved": "https://registry.npmjs.org/gulp-nodemon/-/gulp-nodemon-2.2.1.tgz",
      "integrity": "sha1-2b8Zn1WFRYFZ09KZFT5gtGhotvQ=",
      "dev": true
    },
    "gulp-sass": {
      "version": "3.1.0",
      "resolved": "https://registry.npmjs.org/gulp-sass/-/gulp-sass-3.1.0.tgz",
      "integrity": "sha1-U9xLaKH13f5EJKtMJHZVJpqLdLc=",
      "dev": true
    },
    "gulp-watch": {
      "version": "4.3.11",
      "resolved": "https://registry.npmjs.org/gulp-watch/-/gulp-watch-4.3.11.tgz",
      "integrity": "sha1-Fi/FY96fx3DpH5p845VVE6mhGMA=",
      "dev": true,
      "dependencies": {
        "glob-parent": {
          "version": "3.1.0",
          "resolved": "https://registry.npmjs.org/glob-parent/-/glob-parent-3.1.0.tgz",
          "integrity": "sha1-nmr2KZ2NO9K9QEMIMr0RPfkGxa4="
        },
        "is-extglob": {
          "version": "2.1.1",
          "resolved": "https://registry.npmjs.org/is-extglob/-/is-extglob-2.1.1.tgz",
          "integrity": "sha1-qIwCU1eR8C7TfHahueqXc8gz+MI="
        },
        "is-glob": {
          "version": "3.1.0",
          "resolved": "https://registry.npmjs.org/is-glob/-/is-glob-3.1.0.tgz",
          "integrity": "sha1-e6WuJCF4BKxwcHuWkiVnSGzD6Eo="
        },
        "isarray": {
          "version": "1.0.0",
          "resolved": "https://registry.npmjs.org/isarray/-/isarray-1.0.0.tgz",
          "integrity": "sha1-u5NdSFgsuhaMBoNJV6VKPgcSTxE="
        },
        "readable-stream": {
          "version": "2.3.3",
          "resolved": "https://registry.npmjs.org/readable-stream/-/readable-stream-2.3.3.tgz",
          "integrity": "sha512-m+qzzcn7KUxEmd1gMbchF+Y2eIUbieUaxkWtptyHywrX0rE8QEYqPC07Vuy4Wm32/xE16NcdBctb8S0Xe/5IeQ=="
        },
        "safe-buffer": {
          "version": "5.1.1",
          "resolved": "https://registry.npmjs.org/safe-buffer/-/safe-buffer-5.1.1.tgz",
          "integrity": "sha512-kKvNJn6Mm93gAczWVJg7wH+wGYWNrDHdWvpUmHyEsgCtIwwo3bqPtV4tR5tuPaUhTOo/kvhVwd8XwwOllGYkbg=="
        },
        "string_decoder": {
          "version": "1.0.3",
          "resolved": "https://registry.npmjs.org/string_decoder/-/string_decoder-1.0.3.tgz",
          "integrity": "sha512-4AH6Z5fzNNBcH+6XDMfA/BTt87skxqJlO0lAh3Dker5zThcAxG6mKz+iGu308UKoPPQ8Dcqx/4JhujzltRa+hQ=="
        },
        "vinyl": {
          "version": "1.2.0",
          "resolved": "https://registry.npmjs.org/vinyl/-/vinyl-1.2.0.tgz",
          "integrity": "sha1-XIgDbPVl5d8FVYv8kR+GVt8hiIQ="
        }
      }
    },
    "ibmiotf": {
      "version": "0.2.37",
      "resolved": "https://registry.npmjs.org/ibmiotf/-/ibmiotf-0.2.37.tgz",
      "integrity": "sha1-q9aQ9plbGh3/gHC2N3rY73JmL5I="
    },
    "mongoose": {
      "version": "5.7.5",
      "resolved": "https://registry.npmjs.org/mongoose/-/mongoose-5.7.5.tgz",
      "integrity": "sha512-BZ4FxtnbTurc/wcm/hLltLdI4IDxo4nsE0D9q58YymTdZwreNzwO62CcjVtaHhmr8HmJtOInp2W/T12FZaMf8g==",
      "requires": {
        "bson": "~1.1.1",
        "kareem": "2.3.1",
        "mongodb": "3.3.2",
        "mongoose-legacy-pluralize": "1.0.2",
        "mpath": "0.6.0",
        "mquery": "3.2.2",
        "ms": "2.1.2",
        "regexp-clone": "1.0.0",
        "safe-buffer": "5.1.2",
        "sift": "7.0.1",
        "sliced": "1.0.1"
      },
      "dependencies": {
        "bluebird": {
          "version": "3.5.1",
          "resolved": "https://registry.npmjs.org/bluebird/-/bluebird-3.5.1.tgz",
          "integrity": "sha512-MKiLiV+I1AA596t9w1sQJ8jkiSr5+ZKi0WKrYGUn6d1Fx+Ij4tIj+m2WMQSGczs5jZVxV339chE8iwk6F64wjA=="
        },
        "bson": {
          "version": "1.1.1",
          "resolved": "https://registry.npmjs.org/bson/-/bson-1.1.1.tgz",
          "integrity": "sha512-jCGVYLoYMHDkOsbwJZBCqwMHyH4c+wzgI9hG7Z6SZJRXWr+x58pdIbm2i9a/jFGCkRJqRUr8eoI7lDWa0hTkxg=="
        },
        "debug": {
          "version": "3.1.0",
          "resolved": "https://registry.npmjs.org/debug/-/debug-3.1.0.tgz",
          "integrity": "sha512-OX8XqP7/1a9cqkxYw2yXss15f26NKWBpDXQd0/uK/KPqdQhxbPa994hnzjcE2VqQpDslf55723cKPUOGSmMY3g==",
          "requires": {
            "ms": "2.0.0"
          },
          "dependencies": {
            "ms": {
              "version": "2.0.0",
              "resolved": "https://registry.npmjs.org/ms/-/ms-2.0.0.tgz",
              "integrity": "sha1-VgiurfwAvmwpAd9fmGF4jeDVl8g="
            }
          }
        },
        "kareem": {
          "version": "2.3.1",
          "resolved": "https://registry.npmjs.org/kareem/-/kareem-2.3.1.tgz",
          "integrity": "sha512-l3hLhffs9zqoDe8zjmb/mAN4B8VT3L56EUvKNqLFVs9YlFA+zx7ke1DO8STAdDyYNkeSo1nKmjuvQeI12So8Xw=="
        },
        "mongodb": {
          "version": "3.3.2",
          "resolved": "https://registry.npmjs.org/mongodb/-/mongodb-3.3.2.tgz",
          "integrity": "sha512-fqJt3iywelk4yKu/lfwQg163Bjpo5zDKhXiohycvon4iQHbrfflSAz9AIlRE6496Pm/dQKQK5bMigdVo2s6gBg==",
          "requires": {
            "bson": "^1.1.1",
            "require_optional": "^1.0.1",
            "safe-buffer": "^5.1.2"
          }
        },
        "mpath": {
          "version": "0.6.0",
          "resolved": "https://registry.npmjs.org/mpath/-/mpath-0.6.0.tgz",
          "integrity": "sha512-i75qh79MJ5Xo/sbhxrDrPSEG0H/mr1kcZXJ8dH6URU5jD/knFxCVqVC/gVSW7GIXL/9hHWlT9haLbCXWOll3qw=="
        },
        "mquery": {
          "version": "3.2.2",
          "resolved": "https://registry.npmjs.org/mquery/-/mquery-3.2.2.tgz",
          "integrity": "sha512-XB52992COp0KP230I3qloVUbkLUxJIu328HBP2t2EsxSFtf4W1HPSOBWOXf1bqxK4Xbb66lfMJ+Bpfd9/yZE1Q==",
          "requires": {
            "bluebird": "3.5.1",
            "debug": "3.1.0",
            "regexp-clone": "^1.0.0",
            "safe-buffer": "5.1.2",
            "sliced": "1.0.1"
          }
        },
        "ms": {
          "version": "2.1.2",
          "resolved": "https://registry.npmjs.org/ms/-/ms-2.1.2.tgz",
          "integrity": "sha512-sGkPx+VjMtmA6MX27oA4FBFELFCZZ4S4XqeGOXCv68tT+jb3vk/RyaKWP0PTKyWtmLSM0b+adUTEvbs1PEaH2w=="
        },
        "regexp-clone": {
          "version": "1.0.0",
          "resolved": "https://registry.npmjs.org/regexp-clone/-/regexp-clone-1.0.0.tgz",
          "integrity": "sha512-TuAasHQNamyyJ2hb97IuBEif4qBHGjPHBS64sZwytpLEqtBQ1gPJTnOaQ6qmpET16cK14kkjbazl6+p0RRv0yw=="
        },
        "safe-buffer": {
          "version": "5.1.2",
          "resolved": "https://registry.npmjs.org/safe-buffer/-/safe-buffer-5.1.2.tgz",
          "integrity": "sha512-Gd2UZBJDkXlY7GbJxfsE8/nvKkUEU1G38c1siN6QP6a9PT9MmHB8GnpscSmMJSoF8LOIrt8ud/wPtojys4G6+g=="
        }
      }
    },
    "mongoose-legacy-pluralize": {
      "version": "1.0.2",
      "resolved": "https://registry.npmjs.org/mongoose-legacy-pluralize/-/mongoose-legacy-pluralize-1.0.2.tgz",
      "integrity": "sha512-Yo/7qQU4/EyIS8YDFSeenIvXxZN+ld7YdV9LqFVQJzTLye8unujAWPZ4NWKfFA+RNjh+wvTWKY9Z3E5XM6ZZiQ=="
    },
    "require_optional": {
      "version": "1.0.1",
      "resolved": "https://registry.npmjs.org/require_optional/-/require_optional-1.0.1.tgz",
      "integrity": "sha512-qhM/y57enGWHAe3v/NcwML6a3/vfESLe/sGM2dII+gEO0BpKRUkWZow/tyloNqJyN6kXSl3RyyM8Ll5D/sJP8g==",
      "dependencies": {
        "semver": {
          "version": "5.3.0",
          "resolved": "https://registry.npmjs.org/semver/-/semver-5.3.0.tgz",
          "integrity": "sha1-myzl094C0XxgEq0yaqa00M9U+U8="
        }
      }
    },
    "sift": {
      "version": "7.0.1",
      "resolved": "https://registry.npmjs.org/sift/-/sift-7.0.1.tgz",
      "integrity": "sha512-oqD7PMJ+uO6jV9EQCl0LrRw1OwsiPsiFQR5AR30heR+4Dl7jBBbDLnNvWiak20tzZlSE1H7RB30SX/1j/YYT7g=="
    },
    "sliced": {
      "version": "1.0.1",
      "resolved": "https://registry.npmjs.org/sliced/-/sliced-1.0.1.tgz",
      "integrity": "sha1-CzpmK10Ewxd7GSa+qCsD+Dei70E="
    },
    "socket.io": {
      "version": "2.0.3",
      "resolved": "https://registry.npmjs.org/socket.io/-/socket.io-2.0.3.tgz",
      "integrity": "sha1-Q1nwaiSTOua9CHeYr3jGgOrjReM="
    }
  }
}
